
Microsoft Visual Studio Solution File, Format Version 12.00
# Visual Studio Version 16
VisualStudioVersion = 16.0.31829.152
MinimumVisualStudioVersion = 10.0.40219.1
Project("{FAE04EC0-301F-11D3-BF4B-00C04F79EFBC}") = "StackLayoutTutorial.Android", "StackLayoutTutorial.Android\StackLayoutTutorial.Android.csproj", "{81F691AC-ED94-4ED6-B60C-DB91FFBB262D}"
EndProject
Project("{FAE04EC0-301F-11D3-BF4B-00C04F79EFBC}") = "StackLayoutTutorial", "StackLayoutTutorial\StackLayoutTutorial.csproj", "{2CC2F5A3-71F1-478E-8203-CF7B92B27386}"
EndProject
Global
	GlobalSection(SolutionConfigurationPlatforms) = preSolution
		Debug|Any CPU = Debug|Any CPU
		Release|Any CPU = Release|Any CPU
	EndGlobalSection
	GlobalSection(ProjectConfigurationPlatforms) = postSolution
		{81F691AC-ED94-4ED6-B60C-DB91FFBB262D}.Debug|Any CPU.ActiveCfg = Debug|Any CPU
		{81F691AC-ED94-4ED6-B60C-DB91FFBB262D}.Debug|Any CPU.Build.0 = Debug|Any CPU
		{81F691AC-ED94-4ED6-B60C-DB91FFBB262D}.Debug|Any CPU.Deploy.0 = Debug|Any CPU
		{81F691AC-ED94-4ED6-B60C-DB91FFBB262D}.Release|Any CPU.ActiveCfg = Release|Any CPU
		{81F691AC-ED94-4ED6-B60C-DB91FFBB262D}.Release|Any CPU.Build.0 = Release|Any CPU
		{81F691AC-ED94-4ED6-B60C-DB91FFBB262D}.Release|Any CPU.Deploy.0 = Release|Any CPU
		{2CC2F5A3-71F1-478E-8203-CF7B92B27386}.Debug|Any CPU.ActiveCfg = Debug|Any CPU
		{2CC2F5A3-71F1-478E-8203-CF7B92B27386}.Debug|Any CPU.Build.0 = Debug|Any CPU
		{2CC2F5A3-71F1-478E-8203-CF7B92B27386}.Debug|Any CPU.Deploy.0 = Debug|Any CPU
		{2CC2F5A3-71F1-478E-8203-CF7B92B27386}.Release|Any CPU.ActiveCfg = Release|Any CPU
		{2CC2F5A3-71F1-478E-8203-CF7B92B27386}.Release|Any CPU.Build.0 = Release|Any CPU
		{2CC2F5A3-71F1-478E-8203-CF7B92B27386}.Release|Any CPU.Deploy.0 = Release|Any CPU
	EndGlobalSection
	GlobalSection(SolutionProperties) = preSolution
		HideSolutionNode = FALSE
	EndGlobalSection
	GlobalSection(ExtensibilityGlobals) = postSolution
		SolutionGuid = {B02A6E92-0310-4393-BFC6-CD70FFB5A24D}
	EndGlobalSection
EndGlobal
